// !$*UTF8*$!
{
	archiveVersion = 1;
	classes = {
	};
	objectVersion = 56;
	objects = {

/* Begin PBXBuildFile section */
		3F5CA33D2B571E00000F420A /* CupcakeCorner_HwS_iOS_17App.swift in Sources */ = {isa = PBXBuildFile; fileRef = 3F5CA33C2B571E00000F420A /* CupcakeCorner_HwS_iOS_17App.swift */; };
		3F5CA33F2B571E00000F420A /* ContentView.swift in Sources */ = {isa = PBXBuildFile; fileRef = 3F5CA33E2B571E00000F420A /* ContentView.swift */; };
		3F5CA3412B571E02000F420A /* Assets.xcassets in Resources */ = {isa = PBXBuildFile; fileRef = 3F5CA3402B571E02000F420A /* Assets.xcassets */; };
		3F5CA3442B571E02000F420A /* Preview Assets.xcassets in Resources */ = {isa = PBXBuildFile; fileRef = 3F5CA3432B571E02000F420A /* Preview Assets.xcassets */; };
		3F5CA34E2B571E03000F420A /* CupcakeCorner_HwS_iOS_17Tests.swift in Sources */ = {isa = PBXBuildFile; fileRef = 3F5CA34D2B571E03000F420A /* CupcakeCorner_HwS_iOS_17Tests.swift */; };
		3F5CA3582B571E03000F420A /* CupcakeCorner_HwS_iOS_17UITests.swift in Sources */ = {isa = PBXBuildFile; fileRef = 3F5CA3572B571E03000F420A /* CupcakeCorner_HwS_iOS_17UITests.swift */; };
		3F5CA35A2B571E03000F420A /* CupcakeCorner_HwS_iOS_17UITestsLaunchTests.swift in Sources */ = {isa = PBXBuildFile; fileRef = 3F5CA3592B571E03000F420A /* CupcakeCorner_HwS_iOS_17UITestsLaunchTests.swift */; };
		3F5CA3682B5721E6000F420A /* Response.swift in Sources */ = {isa = PBXBuildFile; fileRef = 3F5CA3672B5721E6000F420A /* Response.swift */; };
		3F5CA36A2B572249000F420A /* Result.swift in Sources */ = {isa = PBXBuildFile; fileRef = 3F5CA3692B572249000F420A /* Result.swift */; };
		3F5CA36C2B573613000F420A /* CreateUser.swift in Sources */ = {isa = PBXBuildFile; fileRef = 3F5CA36B2B573613000F420A /* CreateUser.swift */; };
		3F5CA36E2B573881000F420A /* UserModel.swift in Sources */ = {isa = PBXBuildFile; fileRef = 3F5CA36D2B573881000F420A /* UserModel.swift */; };
		3F5CA3702B5738A3000F420A /* AddTaylor.swift in Sources */ = {isa = PBXBuildFile; fileRef = 3F5CA36F2B5738A3000F420A /* AddTaylor.swift */; };
/* End PBXBuildFile section */

/* Begin PBXContainerItemProxy section */
		3F5CA34A2B571E03000F420A /* PBXContainerItemProxy */ = {
			isa = PBXContainerItemProxy;
			containerPortal = 3F5CA3312B571E00000F420A /* Project object */;
			proxyType = 1;
			remoteGlobalIDString = 3F5CA3382B571E00000F420A;
			remoteInfo = "CupcakeCorner-HwS-iOS_17";
		};
		3F5CA3542B571E03000F420A /* PBXContainerItemProxy */ = {
			isa = PBXContainerItemProxy;
			containerPortal = 3F5CA3312B571E00000F420A /* Project object */;
			proxyType = 1;
			remoteGlobalIDString = 3F5CA3382B571E00000F420A;
			remoteInfo = "CupcakeCorner-HwS-iOS_17";
		};
/* End PBXContainerItemProxy section */

/* Begin PBXFileReference section */
		3F5CA3392B571E00000F420A /* CupcakeCorner-HwS-iOS_17.app */ = {isa = PBXFileReference; explicitFileType = wrapper.application; includeInIndex = 0; path = "CupcakeCorner-HwS-iOS_17.app"; sourceTree = BUILT_PRODUCTS_DIR; };
		3F5CA33C2B571E00000F420A /* CupcakeCorner_HwS_iOS_17App.swift */ = {isa = PBXFileReference; lastKnownFileType = sourcecode.swift; path = CupcakeCorner_HwS_iOS_17App.swift; sourceTree = "<group>"; };
		3F5CA33E2B571E00000F420A /* ContentView.swift */ = {isa = PBXFileReference; lastKnownFileType = sourcecode.swift; path = ContentView.swift; sourceTree = "<group>"; };
		3F5CA3402B571E02000F420A /* Assets.xcassets */ = {isa = PBXFileReference; lastKnownFileType = folder.assetcatalog; path = Assets.xcassets; sourceTree = "<group>"; };
		3F5CA3432B571E02000F420A /* Preview Assets.xcassets */ = {isa = PBXFileReference; lastKnownFileType = folder.assetcatalog; path = "Preview Assets.xcassets"; sourceTree = "<group>"; };
		3F5CA3492B571E03000F420A /* CupcakeCorner-HwS-iOS_17Tests.xctest */ = {isa = PBXFileReference; explicitFileType = wrapper.cfbundle; includeInIndex = 0; path = "CupcakeCorner-HwS-iOS_17Tests.xctest"; sourceTree = BUILT_PRODUCTS_DIR; };
		3F5CA34D2B571E03000F420A /* CupcakeCorner_HwS_iOS_17Tests.swift */ = {isa = PBXFileReference; lastKnownFileType = sourcecode.swift; path = CupcakeCorner_HwS_iOS_17Tests.swift; sourceTree = "<group>"; };
		3F5CA3532B571E03000F420A /* CupcakeCorner-HwS-iOS_17UITests.xctest */ = {isa = PBXFileReference; explicitFileType = wrapper.cfbundle; includeInIndex = 0; path = "CupcakeCorner-HwS-iOS_17UITests.xctest"; sourceTree = BUILT_PRODUCTS_DIR; };
		3F5CA3572B571E03000F420A /* CupcakeCorner_HwS_iOS_17UITests.swift */ = {isa = PBXFileReference; lastKnownFileType = sourcecode.swift; path = CupcakeCorner_HwS_iOS_17UITests.swift; sourceTree = "<group>"; };
		3F5CA3592B571E03000F420A /* CupcakeCorner_HwS_iOS_17UITestsLaunchTests.swift */ = {isa = PBXFileReference; lastKnownFileType = sourcecode.swift; path = CupcakeCorner_HwS_iOS_17UITestsLaunchTests.swift; sourceTree = "<group>"; };
		3F5CA3672B5721E6000F420A /* Response.swift */ = {isa = PBXFileReference; lastKnownFileType = sourcecode.swift; path = Response.swift; sourceTree = "<group>"; };
		3F5CA3692B572249000F420A /* Result.swift */ = {isa = PBXFileReference; lastKnownFileType = sourcecode.swift; path = Result.swift; sourceTree = "<group>"; };
		3F5CA36B2B573613000F420A /* CreateUser.swift */ = {isa = PBXFileReference; lastKnownFileType = sourcecode.swift; path = CreateUser.swift; sourceTree = "<group>"; };
		3F5CA36D2B573881000F420A /* UserModel.swift */ = {isa = PBXFileReference; lastKnownFileType = sourcecode.swift; name = UserModel.swift; path = Model/UserModel.swift; sourceTree = "<group>"; };
		3F5CA36F2B5738A3000F420A /* AddTaylor.swift */ = {isa = PBXFileReference; lastKnownFileType = sourcecode.swift; path = AddTaylor.swift; sourceTree = "<group>"; };
/* End PBXFileReference section */

/* Begin PBXFrameworksBuildPhase section */
		3F5CA3362B571E00000F420A /* Frameworks */ = {
			isa = PBXFrameworksBuildPhase;
			buildActionMask = 2147483647;
			files = (
			);
			runOnlyForDeploymentPostprocessing = 0;
		};
		3F5CA3462B571E03000F420A /* Frameworks */ = {
			isa = PBXFrameworksBuildPhase;
			buildActionMask = 2147483647;
			files = (
			);
			runOnlyForDeploymentPostprocessing = 0;
		};
		3F5CA3502B571E03000F420A /* Frameworks */ = {
			isa = PBXFrameworksBuildPhase;
			buildActionMask = 2147483647;
			files = (
			);
			runOnlyForDeploymentPostprocessing = 0;
		};
/* End PBXFrameworksBuildPhase section */

/* Begin PBXGroup section */
		3F5CA3302B571E00000F420A = {
			isa = PBXGroup;
			children = (
				3F5CA33B2B571E00000F420A /* CupcakeCorner-HwS-iOS_17 */,
				3F5CA34C2B571E03000F420A /* CupcakeCorner-HwS-iOS_17Tests */,
				3F5CA3562B571E03000F420A /* CupcakeCorner-HwS-iOS_17UITests */,
				3F5CA33A2B571E00000F420A /* Products */,
			);
			sourceTree = "<group>";
		};
		3F5CA33A2B571E00000F420A /* Products */ = {
			isa = PBXGroup;
			children = (
				3F5CA3392B571E00000F420A /* CupcakeCorner-HwS-iOS_17.app */,
				3F5CA3492B571E03000F420A /* CupcakeCorner-HwS-iOS_17Tests.xctest */,
				3F5CA3532B571E03000F420A /* CupcakeCorner-HwS-iOS_17UITests.xctest */,
			);
			name = Products;
			sourceTree = "<group>";
		};
		3F5CA33B2B571E00000F420A /* CupcakeCorner-HwS-iOS_17 */ = {
			isa = PBXGroup;
			children = (
				3F5CA3662B5721CA000F420A /* Model */,
				3F5CA33C2B571E00000F420A /* CupcakeCorner_HwS_iOS_17App.swift */,
				3F5CA33E2B571E00000F420A /* ContentView.swift */,
				3F5CA36B2B573613000F420A /* CreateUser.swift */,
				3F5CA36D2B573881000F420A /* UserModel.swift */,
				3F5CA36F2B5738A3000F420A /* AddTaylor.swift */,
				3F5CA3402B571E02000F420A /* Assets.xcassets */,
				3F5CA3422B571E02000F420A /* Preview Content */,
			);
			path = "CupcakeCorner-HwS-iOS_17";
			sourceTree = "<group>";
		};
		3F5CA3422B571E02000F420A /* Preview Content */ = {
			isa = PBXGroup;
			children = (
				3F5CA3432B571E02000F420A /* Preview Assets.xcassets */,
			);
			path = "Preview Content";
			sourceTree = "<group>";
		};
		3F5CA34C2B571E03000F420A /* CupcakeCorner-HwS-iOS_17Tests */ = {
			isa = PBXGroup;
			children = (
				3F5CA34D2B571E03000F420A /* CupcakeCorner_HwS_iOS_17Tests.swift */,
			);
			path = "CupcakeCorner-HwS-iOS_17Tests";
			sourceTree = "<group>";
		};
		3F5CA3562B571E03000F420A /* CupcakeCorner-HwS-iOS_17UITests */ = {
			isa = PBXGroup;
			children = (
				3F5CA3572B571E03000F420A /* CupcakeCorner_HwS_iOS_17UITests.swift */,
				3F5CA3592B571E03000F420A /* CupcakeCorner_HwS_iOS_17UITestsLaunchTests.swift */,
			);
			path = "CupcakeCorner-HwS-iOS_17UITests";
			sourceTree = "<group>";
		};
		3F5CA3662B5721CA000F420A /* Model */ = {
			isa = PBXGroup;
			children = (
				3F5CA3672B5721E6000F420A /* Response.swift */,
				3F5CA3692B572249000F420A /* Result.swift */,
			);
			path = Model;
			sourceTree = "<group>";
		};
/* End PBXGroup section */

/* Begin PBXNativeTarget section */
		3F5CA3382B571E00000F420A /* CupcakeCorner-HwS-iOS_17 */ = {
			isa = PBXNativeTarget;
			buildConfigurationList = 3F5CA35D2B571E03000F420A /* Build configuration list for PBXNativeTarget "CupcakeCorner-HwS-iOS_17" */;
			buildPhases = (
				3F5CA3352B571E00000F420A /* Sources */,
				3F5CA3362B571E00000F420A /* Frameworks */,
				3F5CA3372B571E00000F420A /* Resources */,
			);
			buildRules = (
			);
			dependencies = (
			);
			name = "CupcakeCorner-HwS-iOS_17";
			productName = "CupcakeCorner-HwS-iOS_17";
			productReference = 3F5CA3392B571E00000F420A /* CupcakeCorner-HwS-iOS_17.app */;
			productType = "com.apple.product-type.application";
		};
		3F5CA3482B571E03000F420A /* CupcakeCorner-HwS-iOS_17Tests */ = {
			isa = PBXNativeTarget;
			buildConfigurationList = 3F5CA3602B571E03000F420A /* Build configuration list for PBXNativeTarget "CupcakeCorner-HwS-iOS_17Tests" */;
			buildPhases = (
				3F5CA3452B571E03000F420A /* Sources */,
				3F5CA3462B571E03000F420A /* Frameworks */,
				3F5CA3472B571E03000F420A /* Resources */,
			);
			buildRules = (
			);
			dependencies = (
				3F5CA34B2B571E03000F420A /* PBXTargetDependency */,
			);
			name = "CupcakeCorner-HwS-iOS_17Tests";
			productName = "CupcakeCorner-HwS-iOS_17Tests";
			productReference = 3F5CA3492B571E03000F420A /* CupcakeCorner-HwS-iOS_17Tests.xctest */;
			productType = "com.apple.product-type.bundle.unit-test";
		};
		3F5CA3522B571E03000F420A /* CupcakeCorner-HwS-iOS_17UITests */ = {
			isa = PBXNativeTarget;
			buildConfigurationList = 3F5CA3632B571E03000F420A /* Build configuration list for PBXNativeTarget "CupcakeCorner-HwS-iOS_17UITests" */;
			buildPhases = (
				3F5CA34F2B571E03000F420A /* Sources */,
				3F5CA3502B571E03000F420A /* Frameworks */,
				3F5CA3512B571E03000F420A /* Resources */,
			);
			buildRules = (
			);
			dependencies = (
				3F5CA3552B571E03000F420A /* PBXTargetDependency */,
			);
			name = "CupcakeCorner-HwS-iOS_17UITests";
			productName = "CupcakeCorner-HwS-iOS_17UITests";
			productReference = 3F5CA3532B571E03000F420A /* CupcakeCorner-HwS-iOS_17UITests.xctest */;
			productType = "com.apple.product-type.bundle.ui-testing";
		};
/* End PBXNativeTarget section */

/* Begin PBXProject section */
		3F5CA3312B571E00000F420A /* Project object */ = {
			isa = PBXProject;
			attributes = {
				BuildIndependentTargetsInParallel = 1;
				LastSwiftUpdateCheck = 1510;
				LastUpgradeCheck = 1510;
				TargetAttributes = {
					3F5CA3382B571E00000F420A = {
						CreatedOnToolsVersion = 15.1;
					};
					3F5CA3482B571E03000F420A = {
						CreatedOnToolsVersion = 15.1;
						TestTargetID = 3F5CA3382B571E00000F420A;
					};
					3F5CA3522B571E03000F420A = {
						CreatedOnToolsVersion = 15.1;
						TestTargetID = 3F5CA3382B571E00000F420A;
					};
				};
			};
			buildConfigurationList = 3F5CA3342B571E00000F420A /* Build configuration list for PBXProject "CupcakeCorner-HwS-iOS_17" */;
			compatibilityVersion = "Xcode 14.0";
			developmentRegion = en;
			hasScannedForEncodings = 0;
			knownRegions = (
				en,
				Base,
			);
			mainGroup = 3F5CA3302B571E00000F420A;
			productRefGroup = 3F5CA33A2B571E00000F420A /* Products */;
			projectDirPath = "";
			projectRoot = "";
			targets = (
				3F5CA3382B571E00000F420A /* CupcakeCorner-HwS-iOS_17 */,
				3F5CA3482B571E03000F420A /* CupcakeCorner-HwS-iOS_17Tests */,
				3F5CA3522B571E03000F420A /* CupcakeCorner-HwS-iOS_17UITests */,
			);
		};
/* End PBXProject section */

/* Begin PBXResourcesBuildPhase section */
		3F5CA3372B571E00000F420A /* Resources */ = {
			isa = PBXResourcesBuildPhase;
			buildActionMask = 2147483647;
			files = (
				3F5CA3442B571E02000F420A /* Preview Assets.xcassets in Resources */,
				3F5CA3412B571E02000F420A /* Assets.xcassets in Resources */,
			);
			runOnlyForDeploymentPostprocessing = 0;
		};
		3F5CA3472B571E03000F420A /* Resources */ = {
			isa = PBXResourcesBuildPhase;
			buildActionMask = 2147483647;
			files = (
			);
			runOnlyForDeploymentPostprocessing = 0;
		};
		3F5CA3512B571E03000F420A /* Resources */ = {
			isa = PBXResourcesBuildPhase;
			buildActionMask = 2147483647;
			files = (
			);
			runOnlyForDeploymentPostprocessing = 0;
		};
/* End PBXResourcesBuildPhase section */

/* Begin PBXSourcesBuildPhase section */
		3F5CA3352B571E00000F420A /* Sources */ = {
			isa = PBXSourcesBuildPhase;
			buildActionMask = 2147483647;
			files = (
				3F5CA33F2B571E00000F420A /* ContentView.swift in Sources */,
				3F5CA3682B5721E6000F420A /* Response.swift in Sources */,
				3F5CA36A2B572249000F420A /* Result.swift in Sources */,
				3F5CA36C2B573613000F420A /* CreateUser.swift in Sources */,
				3F5CA3702B5738A3000F420A /* AddTaylor.swift in Sources */,
				3F5CA36E2B573881000F420A /* UserModel.swift in Sources */,
				3F5CA33D2B571E00000F420A /* CupcakeCorner_HwS_iOS_17App.swift in Sources */,
			);
			runOnlyForDeploymentPostprocessing = 0;
		};
		3F5CA3452B571E03000F420A /* Sources */ = {
			isa = PBXSourcesBuildPhase;
			buildActionMask = 2147483647;
			files = (
				3F5CA34E2B571E03000F420A /* CupcakeCorner_HwS_iOS_17Tests.swift in Sources */,
			);
			runOnlyForDeploymentPostprocessing = 0;
		};
		3F5CA34F2B571E03000F420A /* Sources */ = {
			isa = PBXSourcesBuildPhase;
			buildActionMask = 2147483647;
			files = (
				3F5CA3582B571E03000F420A /* CupcakeCorner_HwS_iOS_17UITests.swift in Sources */,
				3F5CA35A2B571E03000F420A /* CupcakeCorner_HwS_iOS_17UITestsLaunchTests.swift in Sources */,
			);
			runOnlyForDeploymentPostprocessing = 0;
		};
/* End PBXSourcesBuildPhase section */

/* Begin PBXTargetDependency section */
		3F5CA34B2B571E03000F420A /* PBXTargetDependency */ = {
			isa = PBXTargetDependency;
			target = 3F5CA3382B571E00000F420A /* CupcakeCorner-HwS-iOS_17 */;
			targetProxy = 3F5CA34A2B571E03000F420A /* PBXContainerItemProxy */;
		};
		3F5CA3552B571E03000F420A /* PBXTargetDependency */ = {
			isa = PBXTargetDependency;
			target = 3F5CA3382B571E00000F420A /* CupcakeCorner-HwS-iOS_17 */;
			targetProxy = 3F5CA3542B571E03000F420A /* PBXContainerItemProxy */;
		};
/* End PBXTargetDependency section */

/* Begin XCBuildConfiguration section */
		3F5CA35B2B571E03000F420A /* Debug */ = {
			isa = XCBuildConfiguration;
			buildSettings = {
				ALWAYS_SEARCH_USER_PATHS = NO;
				ASSETCATALOG_COMPILER_GENERATE_SWIFT_ASSET_SYMBOL_EXTENSIONS = YES;
				CLANG_ANALYZER_NONNULL = YES;
				CLANG_ANALYZER_NUMBER_OBJECT_CONVERSION = YES_AGGRESSIVE;
				CLANG_CXX_LANGUAGE_STANDARD = "gnu++20";
				CLANG_ENABLE_MODULES = YES;
				CLANG_ENABLE_OBJC_ARC = YES;
				CLANG_ENABLE_OBJC_WEAK = YES;
				CLANG_WARN_BLOCK_CAPTURE_AUTORELEASING = YES;
				CLANG_WARN_BOOL_CONVERSION = YES;
				CLANG_WARN_COMMA = YES;
				CLANG_WARN_CONSTANT_CONVERSION = YES;
				CLANG_WARN_DEPRECATED_OBJC_IMPLEMENTATIONS = YES;
				CLANG_WARN_DIRECT_OBJC_ISA_USAGE = YES_ERROR;
				CLANG_WARN_DOCUMENTATION_COMMENTS = YES;
				CLANG_WARN_EMPTY_BODY = YES;
				CLANG_WARN_ENUM_CONVERSION = YES;
				CLANG_WARN_INFINITE_RECURSION = YES;
				CLANG_WARN_INT_CONVERSION = YES;
				CLANG_WARN_NON_LITERAL_NULL_CONVERSION = YES;
				CLANG_WARN_OBJC_IMPLICIT_RETAIN_SELF = YES;
				CLANG_WARN_OBJC_LITERAL_CONVERSION = YES;
				CLANG_WARN_OBJC_ROOT_CLASS = YES_ERROR;
				CLANG_WARN_QUOTED_INCLUDE_IN_FRAMEWORK_HEADER = YES;
				CLANG_WARN_RANGE_LOOP_ANALYSIS = YES;
				CLANG_WARN_STRICT_PROTOTYPES = YES;
				CLANG_WARN_SUSPICIOUS_MOVE = YES;
				CLANG_WARN_UNGUARDED_AVAILABILITY = YES_AGGRESSIVE;
				CLANG_WARN_UNREACHABLE_CODE = YES;
				CLANG_WARN__DUPLICATE_METHOD_MATCH = YES;
				COPY_PHASE_STRIP = NO;
				DEBUG_INFORMATION_FORMAT = dwarf;
				ENABLE_STRICT_OBJC_MSGSEND = YES;
				ENABLE_TESTABILITY = YES;
				ENABLE_USER_SCRIPT_SANDBOXING = YES;
				GCC_C_LANGUAGE_STANDARD = gnu17;
				GCC_DYNAMIC_NO_PIC = NO;
				GCC_NO_COMMON_BLOCKS = YES;
				GCC_OPTIMIZATION_LEVEL = 0;
				GCC_PREPROCESSOR_DEFINITIONS = (
					"DEBUG=1",
					"$(inherited)",
				);
				GCC_WARN_64_TO_32_BIT_CONVERSION = YES;
				GCC_WARN_ABOUT_RETURN_TYPE = YES_ERROR;
				GCC_WARN_UNDECLARED_SELECTOR = YES;
				GCC_WARN_UNINITIALIZED_AUTOS = YES_AGGRESSIVE;
				GCC_WARN_UNUSED_FUNCTION = YES;
				GCC_WARN_UNUSED_VARIABLE = YES;
				IPHONEOS_DEPLOYMENT_TARGET = 17.2;
				LOCALIZATION_PREFERS_STRING_CATALOGS = YES;
				MTL_ENABLE_DEBUG_INFO = INCLUDE_SOURCE;
				MTL_FAST_MATH = YES;
				ONLY_ACTIVE_ARCH = YES;
				SDKROOT = iphoneos;
				SWIFT_ACTIVE_COMPILATION_CONDITIONS = "DEBUG $(inherited)";
				SWIFT_OPTIMIZATION_LEVEL = "-Onone";
			};
			name = Debug;
		};
		3F5CA35C2B571E03000F420A /* Release */ = {
			isa = XCBuildConfiguration;
			buildSettings = {
				ALWAYS_SEARCH_USER_PATHS = NO;
				ASSETCATALOG_COMPILER_GENERATE_SWIFT_ASSET_SYMBOL_EXTENSIONS = YES;
				CLANG_ANALYZER_NONNULL = YES;
				CLANG_ANALYZER_NUMBER_OBJECT_CONVERSION = YES_AGGRESSIVE;
				CLANG_CXX_LANGUAGE_STANDARD = "gnu++20";
				CLANG_ENABLE_MODULES = YES;
				CLANG_ENABLE_OBJC_ARC = YES;
				CLANG_ENABLE_OBJC_WEAK = YES;
				CLANG_WARN_BLOCK_CAPTURE_AUTORELEASING = YES;
				CLANG_WARN_BOOL_CONVERSION = YES;
				CLANG_WARN_COMMA = YES;
				CLANG_WARN_CONSTANT_CONVERSION = YES;
				CLANG_WARN_DEPRECATED_OBJC_IMPLEMENTATIONS = YES;
				CLANG_WARN_DIRECT_OBJC_ISA_USAGE = YES_ERROR;
				CLANG_WARN_DOCUMENTATION_COMMENTS = YES;
				CLANG_WARN_EMPTY_BODY = YES;
				CLANG_WARN_ENUM_CONVERSION = YES;
				CLANG_WARN_INFINITE_RECURSION = YES;
				CLANG_WARN_INT_CONVERSION = YES;
				CLANG_WARN_NON_LITERAL_NULL_CONVERSION = YES;
				CLANG_WARN_OBJC_IMPLICIT_RETAIN_SELF = YES;
				CLANG_WARN_OBJC_LITERAL_CONVERSION = YES;
				CLANG_WARN_OBJC_ROOT_CLASS = YES_ERROR;
				CLANG_WARN_QUOTED_INCLUDE_IN_FRAMEWORK_HEADER = YES;
				CLANG_WARN_RANGE_LOOP_ANALYSIS = YES;
				CLANG_WARN_STRICT_PROTOTYPES = YES;
				CLANG_WARN_SUSPICIOUS_MOVE = YES;
				CLANG_WARN_UNGUARDED_AVAILABILITY = YES_AGGRESSIVE;
				CLANG_WARN_UNREACHABLE_CODE = YES;
				CLANG_WARN__DUPLICATE_METHOD_MATCH = YES;
				COPY_PHASE_STRIP = NO;
				DEBUG_INFORMATION_FORMAT = "dwarf-with-dsym";
				ENABLE_NS_ASSERTIONS = NO;
				ENABLE_STRICT_OBJC_MSGSEND = YES;
				ENABLE_USER_SCRIPT_SANDBOXING = YES;
				GCC_C_LANGUAGE_STANDARD = gnu17;
				GCC_NO_COMMON_BLOCKS = YES;
				GCC_WARN_64_TO_32_BIT_CONVERSION = YES;
				GCC_WARN_ABOUT_RETURN_TYPE = YES_ERROR;
				GCC_WARN_UNDECLARED_SELECTOR = YES;
				GCC_WARN_UNINITIALIZED_AUTOS = YES_AGGRESSIVE;
				GCC_WARN_UNUSED_FUNCTION = YES;
				GCC_WARN_UNUSED_VARIABLE = YES;
				IPHONEOS_DEPLOYMENT_TARGET = 17.2;
				LOCALIZATION_PREFERS_STRING_CATALOGS = YES;
				MTL_ENABLE_DEBUG_INFO = NO;
				MTL_FAST_MATH = YES;
				SDKROOT = iphoneos;
				SWIFT_COMPILATION_MODE = wholemodule;
				VALIDATE_PRODUCT = YES;
			};
			name = Release;
		};
		3F5CA35E2B571E03000F420A /* Debug */ = {
			isa = XCBuildConfiguration;
			buildSettings = {
				ASSETCATALOG_COMPILER_APPICON_NAME = AppIcon;
				ASSETCATALOG_COMPILER_GLOBAL_ACCENT_COLOR_NAME = AccentColor;
				CODE_SIGN_STYLE = Automatic;
				CURRENT_PROJECT_VERSION = 1;
				DEVELOPMENT_ASSET_PATHS = "\"CupcakeCorner-HwS-iOS_17/Preview Content\"";
				DEVELOPMENT_TEAM = W9872ZR7W8;
				ENABLE_PREVIEWS = YES;
				GENERATE_INFOPLIST_FILE = YES;
				INFOPLIST_KEY_UIApplicationSceneManifest_Generation = YES;
				INFOPLIST_KEY_UIApplicationSupportsIndirectInputEvents = YES;
				INFOPLIST_KEY_UILaunchScreen_Generation = YES;
				INFOPLIST_KEY_UISupportedInterfaceOrientations_iPad = "UIInterfaceOrientationPortrait UIInterfaceOrientationPortraitUpsideDown UIInterfaceOrientationLandscapeLeft UIInterfaceOrientationLandscapeRight";
				INFOPLIST_KEY_UISupportedInterfaceOrientations_iPhone = "UIInterfaceOrientationPortrait UIInterfaceOrientationLandscapeLeft UIInterfaceOrientationLandscapeRight";
				LD_RUNPATH_SEARCH_PATHS = (
					"$(inherited)",
					"@executable_path/Frameworks",
				);
				MARKETING_VERSION = 1.0;
				PRODUCT_BUNDLE_IDENTIFIER = "seikahirori.CupcakeCorner-HwS-iOS-17";
				PRODUCT_NAME = "$(TARGET_NAME)";
				SWIFT_EMIT_LOC_STRINGS = YES;
				SWIFT_VERSION = 5.0;
				TARGETED_DEVICE_FAMILY = "1,2";
			};
			name = Debug;
		};
		3F5CA35F2B571E03000F420A /* Release */ = {
			isa = XCBuildConfiguration;
			buildSettings = {
				ASSETCATALOG_COMPILER_APPICON_NAME = AppIcon;
				ASSETCATALOG_COMPILER_GLOBAL_ACCENT_COLOR_NAME = AccentColor;
				CODE_SIGN_STYLE = Automatic;
				CURRENT_PROJECT_VERSION = 1;
				DEVELOPMENT_ASSET_PATHS = "\"CupcakeCorner-HwS-iOS_17/Preview Content\"";
				DEVELOPMENT_TEAM = W9872ZR7W8;
				ENABLE_PREVIEWS = YES;
				GENERATE_INFOPLIST_FILE = YES;
				INFOPLIST_KEY_UIApplicationSceneManifest_Generation = YES;
				INFOPLIST_KEY_UIApplicationSupportsIndirectInputEvents = YES;
				INFOPLIST_KEY_UILaunchScreen_Generation = YES;
				INFOPLIST_KEY_UISupportedInterfaceOrientations_iPad = "UIInterfaceOrientationPortrait UIInterfaceOrientationPortraitUpsideDown UIInterfaceOrientationLandscapeLeft UIInterfaceOrientationLandscapeRight";
				INFOPLIST_KEY_UISupportedInterfaceOrientations_iPhone = "UIInterfaceOrientationPortrait UIInterfaceOrientationLandscapeLeft UIInterfaceOrientationLandscapeRight";
				LD_RUNPATH_SEARCH_PATHS = (
					"$(inherited)",
					"@executable_path/Frameworks",
				);
				MARKETING_VERSION = 1.0;
				PRODUCT_BUNDLE_IDENTIFIER = "seikahirori.CupcakeCorner-HwS-iOS-17";
				PRODUCT_NAME = "$(TARGET_NAME)";
				SWIFT_EMIT_LOC_STRINGS = YES;
				SWIFT_VERSION = 5.0;
				TARGETED_DEVICE_FAMILY = "1,2";
			};
			name = Release;
		};
		3F5CA3612B571E03000F420A /* Debug */ = {
			isa = XCBuildConfiguration;
			buildSettings = {
				ALWAYS_EMBED_SWIFT_STANDARD_LIBRARIES = YES;
				BUNDLE_LOADER = "$(TEST_HOST)";
				CODE_SIGN_STYLE = Automatic;
				CURRENT_PROJECT_VERSION = 1;
				DEVELOPMENT_TEAM = W9872ZR7W8;
				GENERATE_INFOPLIST_FILE = YES;
				IPHONEOS_DEPLOYMENT_TARGET = 17.2;
				MARKETING_VERSION = 1.0;
				PRODUCT_BUNDLE_IDENTIFIER = "seikahirori.CupcakeCorner-HwS-iOS-17Tests";
				PRODUCT_NAME = "$(TARGET_NAME)";
				SWIFT_EMIT_LOC_STRINGS = NO;
				SWIFT_VERSION = 5.0;
				TARGETED_DEVICE_FAMILY = "1,2";
				TEST_HOST = "$(BUILT_PRODUCTS_DIR)/CupcakeCorner-HwS-iOS_17.app/$(BUNDLE_EXECUTABLE_FOLDER_PATH)/CupcakeCorner-HwS-iOS_17";
			};
			name = Debug;
		};
		3F5CA3622B571E03000F420A /* Release */ = {
			isa = XCBuildConfiguration;
			buildSettings = {
				ALWAYS_EMBED_SWIFT_STANDARD_LIBRARIES = YES;
				BUNDLE_LOADER = "$(TEST_HOST)";
				CODE_SIGN_STYLE = Automatic;
				CURRENT_PROJECT_VERSION = 1;
				DEVELOPMENT_TEAM = W9872ZR7W8;
				GENERATE_INFOPLIST_FILE = YES;
				IPHONEOS_DEPLOYMENT_TARGET = 17.2;
				MARKETING_VERSION = 1.0;
				PRODUCT_BUNDLE_IDENTIFIER = "seikahirori.CupcakeCorner-HwS-iOS-17Tests";
				PRODUCT_NAME = "$(TARGET_NAME)";
				SWIFT_EMIT_LOC_STRINGS = NO;
				SWIFT_VERSION = 5.0;
				TARGETED_DEVICE_FAMILY = "1,2";
				TEST_HOST = "$(BUILT_PRODUCTS_DIR)/CupcakeCorner-HwS-iOS_17.app/$(BUNDLE_EXECUTABLE_FOLDER_PATH)/CupcakeCorner-HwS-iOS_17";
			};
			name = Release;
		};
		3F5CA3642B571E03000F420A /* Debug */ = {
			isa = XCBuildConfiguration;
			buildSettings = {
				ALWAYS_EMBED_SWIFT_STANDARD_LIBRARIES = YES;
				CODE_SIGN_STYLE = Automatic;
				CURRENT_PROJECT_VERSION = 1;
				DEVELOPMENT_TEAM = W9872ZR7W8;
				GENERATE_INFOPLIST_FILE = YES;
				MARKETING_VERSION = 1.0;
				PRODUCT_BUNDLE_IDENTIFIER = "seikahirori.CupcakeCorner-HwS-iOS-17UITests";
				PRODUCT_NAME = "$(TARGET_NAME)";
				SWIFT_EMIT_LOC_STRINGS = NO;
				SWIFT_VERSION = 5.0;
				TARGETED_DEVICE_FAMILY = "1,2";
				TEST_TARGET_NAME = "CupcakeCorner-HwS-iOS_17";
			};
			name = Debug;
		};
		3F5CA3652B571E03000F420A /* Release */ = {
			isa = XCBuildConfiguration;
			buildSettings = {
				ALWAYS_EMBED_SWIFT_STANDARD_LIBRARIES = YES;
				CODE_SIGN_STYLE = Automatic;
				CURRENT_PROJECT_VERSION = 1;
				DEVELOPMENT_TEAM = W9872ZR7W8;
				GENERATE_INFOPLIST_FILE = YES;
				MARKETING_VERSION = 1.0;
				PRODUCT_BUNDLE_IDENTIFIER = "seikahirori.CupcakeCorner-HwS-iOS-17UITests";
				PRODUCT_NAME = "$(TARGET_NAME)";
				SWIFT_EMIT_LOC_STRINGS = NO;
				SWIFT_VERSION = 5.0;
				TARGETED_DEVICE_FAMILY = "1,2";
				TEST_TARGET_NAME = "CupcakeCorner-HwS-iOS_17";
			};
			name = Release;
		};
/* End XCBuildConfiguration section */

/* Begin XCConfigurationList section */
		3F5CA3342B571E00000F420A /* Build configuration list for PBXProject "CupcakeCorner-HwS-iOS_17" */ = {
			isa = XCConfigurationList;
			buildConfigurations = (
				3F5CA35B2B571E03000F420A /* Debug */,
				3F5CA35C2B571E03000F420A /* Release */,
			);
			defaultConfigurationIsVisible = 0;
			defaultConfigurationName = Release;
		};
		3F5CA35D2B571E03000F420A /* Build configuration list for PBXNativeTarget "CupcakeCorner-HwS-iOS_17" */ = {
			isa = XCConfigurationList;
			buildConfigurations = (
				3F5CA35E2B571E03000F420A /* Debug */,
				3F5CA35F2B571E03000F420A /* Release */,
			);
			defaultConfigurationIsVisible = 0;
			defaultConfigurationName = Release;
		};
		3F5CA3602B571E03000F420A /* Build configuration list for PBXNativeTarget "CupcakeCorner-HwS-iOS_17Tests" */ = {
			isa = XCConfigurationList;
			buildConfigurations = (
				3F5CA3612B571E03000F420A /* Debug */,
				3F5CA3622B571E03000F420A /* Release */,
			);
			defaultConfigurationIsVisible = 0;
			defaultConfigurationName = Release;
		};
		3F5CA3632B571E03000F420A /* Build configuration list for PBXNativeTarget "CupcakeCorner-HwS-iOS_17UITests" */ = {
			isa = XCConfigurationList;
			buildConfigurations = (
				3F5CA3642B571E03000F420A /* Debug */,
				3F5CA3652B571E03000F420A /* Release */,
			);
			defaultConfigurationIsVisible = 0;
			defaultConfigurationName = Release;
		};
/* End XCConfigurationList section */
	};
	rootObject = 3F5CA3312B571E00000F420A /* Project object */;
}
